
Microsoft Visual Studio Solution File, Format Version 12.00
# Visual Studio 15
VisualStudioVersion = 15.0.26228.4
MinimumVisualStudioVersion = 10.0.40219.1
Project("{9A19103F-16F7-4668-BE54-9A1E7A4F7556}") = "NetCoreVueTechan", "NetCoreVueTechan\NetCoreVueTechan.csproj", "{38A99051-ED0A-4EBD-BD61-3713351CE518}"
EndProject
Project("{2150E333-8FDC-42A3-9474-1A3956D46DE8}") = ".github", ".github", "{DF482C50-301B-4C8F-9137-7C06FE99ED5D}"
	ProjectSection(SolutionItems) = preProject
		.gitignore = .gitignore
		appveyor.yml = appveyor.yml
		LICENSE.md = LICENSE.md
		README.md = README.md
	EndProjectSection
EndProject
Global
	GlobalSection(SolutionConfigurationPlatforms) = preSolution
		Debug|Any CPU = Debug|Any CPU
		Debug|x64 = Debug|x64
		Release|Any CPU = Release|Any CPU
		Release|x64 = Release|x64
	EndGlobalSection
	GlobalSection(ProjectConfigurationPlatforms) = postSolution
		{38A99051-ED0A-4EBD-BD61-3713351CE518}.Debug|Any CPU.ActiveCfg = Debug|Any CPU
		{38A99051-ED0A-4EBD-BD61-3713351CE518}.Debug|Any CPU.Build.0 = Debug|Any CPU
		{38A99051-ED0A-4EBD-BD61-3713351CE518}.Debug|x64.ActiveCfg = Debug|Any CPU
		{38A99051-ED0A-4EBD-BD61-3713351CE518}.Debug|x64.Build.0 = Debug|Any CPU
		{38A99051-ED0A-4EBD-BD61-3713351CE518}.Release|Any CPU.ActiveCfg = Release|Any CPU
		{38A99051-ED0A-4EBD-BD61-3713351CE518}.Release|Any CPU.Build.0 = Release|Any CPU
		{38A99051-ED0A-4EBD-BD61-3713351CE518}.Release|x64.ActiveCfg = Release|Any CPU
		{38A99051-ED0A-4EBD-BD61-3713351CE518}.Release|x64.Build.0 = Release|Any CPU
	EndGlobalSection
	GlobalSection(SolutionProperties) = preSolution
		HideSolutionNode = FALSE
	EndGlobalSection
	GlobalSection(ExtensibilityGlobals) = postSolution
		SolutionGuid = {5C00FD22-F1B3-4F77-9948-73299DC828ED}
	EndGlobalSection
EndGlobal
